
Microsoft Visual Studio Solution File, Format Version 12.00
# Visual Studio Version 17
VisualStudioVersion = 17.7.34031.279
MinimumVisualStudioVersion = 10.0.40219.1
Project("{FAE04EC0-301F-11D3-BF4B-00C04F79EFBC}") = "Food-Delivery-GourmetGo", "Food-Delivery-GourmetGo\Food-Delivery-GourmetGo.csproj", "{CD859E32-A069-46AA-96C4-6FC8AD5E990D}"
EndProject
Global
	GlobalSection(SolutionConfigurationPlatforms) = preSolution
		Debug|Any CPU = Debug|Any CPU
		Release|Any CPU = Release|Any CPU
	EndGlobalSection
	GlobalSection(ProjectConfigurationPlatforms) = postSolution
		{CD859E32-A069-46AA-96C4-6FC8AD5E990D}.Debug|Any CPU.ActiveCfg = Debug|Any CPU
		{CD859E32-A069-46AA-96C4-6FC8AD5E990D}.Debug|Any CPU.Build.0 = Debug|Any CPU
		{CD859E32-A069-46AA-96C4-6FC8AD5E990D}.Release|Any CPU.ActiveCfg = Release|Any CPU
		{CD859E32-A069-46AA-96C4-6FC8AD5E990D}.Release|Any CPU.Build.0 = Release|Any CPU
	EndGlobalSection
	GlobalSection(SolutionProperties) = preSolution
		HideSolutionNode = FALSE
	EndGlobalSection
	GlobalSection(ExtensibilityGlobals) = postSolution
		SolutionGuid = {ED004539-CEDF-4BC7-9704-B00174EA41E2}
	EndGlobalSection
EndGlobal
